
Microsoft Visual Studio Solution File, Format Version 12.00
# Visual Studio Version 17
VisualStudioVersion = 17.9.34728.123
MinimumVisualStudioVersion = 10.0.40219.1
Project("{FAE04EC0-301F-11D3-BF4B-00C04F79EFBC}") = "ComercializadoraBD2", "ComercializadoraBD2.csproj", "{4119759E-F827-4A20-93CF-3D474273B212}"
EndProject
Project("{2150E333-8FDC-42A3-9474-1A3956D46DE8}") = "Elementos de la solución", "Elementos de la solución", "{E23A5835-9CB1-451C-93BD-48F12375677F}"
EndProject
Global
	GlobalSection(SolutionConfigurationPlatforms) = preSolution
		Debug|Any CPU = Debug|Any CPU
		Release|Any CPU = Release|Any CPU
	EndGlobalSection
	GlobalSection(ProjectConfigurationPlatforms) = postSolution
		{4119759E-F827-4A20-93CF-3D474273B212}.Debug|Any CPU.ActiveCfg = Debug|Any CPU
		{4119759E-F827-4A20-93CF-3D474273B212}.Debug|Any CPU.Build.0 = Debug|Any CPU
		{4119759E-F827-4A20-93CF-3D474273B212}.Release|Any CPU.ActiveCfg = Release|Any CPU
		{4119759E-F827-4A20-93CF-3D474273B212}.Release|Any CPU.Build.0 = Release|Any CPU
	EndGlobalSection
	GlobalSection(SolutionProperties) = preSolution
		HideSolutionNode = FALSE
	EndGlobalSection
	GlobalSection(ExtensibilityGlobals) = postSolution
		SolutionGuid = {6EB90695-0210-443B-94DA-E0300343BC03}
	EndGlobalSection
EndGlobal
